
Microsoft Visual Studio Solution File, Format Version 12.00
Project("{F2A71F9B-5D33-465A-A702-920D77279786}") = "RssParser", "RssParser\RssParser.fsproj", "{FABA4CC6-799B-4327-894F-8F462F2DAB4E}"
EndProject
Project("{FAE04EC0-301F-11D3-BF4B-00C04F79EFBC}") = "ConsoleApp", "ConsoleApp\ConsoleApp.csproj", "{A912C2DE-ED7D-4CB7-BC5F-CD2764C2EE60}"
EndProject
Global
	GlobalSection(SolutionConfigurationPlatforms) = preSolution
		Debug|Any CPU = Debug|Any CPU
		Release|Any CPU = Release|Any CPU
	EndGlobalSection
	GlobalSection(ProjectConfigurationPlatforms) = postSolution
		{FABA4CC6-799B-4327-894F-8F462F2DAB4E}.Debug|Any CPU.ActiveCfg = Debug|Any CPU
		{FABA4CC6-799B-4327-894F-8F462F2DAB4E}.Debug|Any CPU.Build.0 = Debug|Any CPU
		{FABA4CC6-799B-4327-894F-8F462F2DAB4E}.Release|Any CPU.ActiveCfg = Release|Any CPU
		{FABA4CC6-799B-4327-894F-8F462F2DAB4E}.Release|Any CPU.Build.0 = Release|Any CPU
		{A912C2DE-ED7D-4CB7-BC5F-CD2764C2EE60}.Debug|Any CPU.ActiveCfg = Debug|Any CPU
		{A912C2DE-ED7D-4CB7-BC5F-CD2764C2EE60}.Debug|Any CPU.Build.0 = Debug|Any CPU
		{A912C2DE-ED7D-4CB7-BC5F-CD2764C2EE60}.Release|Any CPU.ActiveCfg = Release|Any CPU
		{A912C2DE-ED7D-4CB7-BC5F-CD2764C2EE60}.Release|Any CPU.Build.0 = Release|Any CPU
	EndGlobalSection
EndGlobal
